// !$*UTF8*$!
{
	archiveVersion = 1;
	classes = {
	};
	objectVersion = 50;
	objects = {

/* Begin PBXBuildFile section */
		BB9B2A21247C783E00717D5F /* DetailViewController.swift in Sources */ = {isa = PBXBuildFile; fileRef = BB9B2A20247C783E00717D5F /* DetailViewController.swift */; };
		BBBC4C5A247B19E10075630A /* AppDelegate.swift in Sources */ = {isa = PBXBuildFile; fileRef = BBBC4C59247B19E10075630A /* AppDelegate.swift */; };
		BBBC4C5C247B19E10075630A /* SceneDelegate.swift in Sources */ = {isa = PBXBuildFile; fileRef = BBBC4C5B247B19E10075630A /* SceneDelegate.swift */; };
		BBBC4C61247B19E10075630A /* Main.storyboard in Resources */ = {isa = PBXBuildFile; fileRef = BBBC4C5F247B19E10075630A /* Main.storyboard */; };
		BBBC4C63247B19E20075630A /* Assets.xcassets in Resources */ = {isa = PBXBuildFile; fileRef = BBBC4C62247B19E20075630A /* Assets.xcassets */; };
		BBBC4C66247B19E20075630A /* LaunchScreen.storyboard in Resources */ = {isa = PBXBuildFile; fileRef = BBBC4C64247B19E20075630A /* LaunchScreen.storyboard */; };
		BBBC4C71247B19E20075630A /* LootLoggerTests.swift in Sources */ = {isa = PBXBuildFile; fileRef = BBBC4C70247B19E20075630A /* LootLoggerTests.swift */; };
		BBBC4C7C247B19E20075630A /* LootLoggerUITests.swift in Sources */ = {isa = PBXBuildFile; fileRef = BBBC4C7B247B19E20075630A /* LootLoggerUITests.swift */; };
		BBBC4C8A247B1BDE0075630A /* ItemsViewController.swift in Sources */ = {isa = PBXBuildFile; fileRef = BBBC4C89247B1BDE0075630A /* ItemsViewController.swift */; };
		BBBC4C8C247B1C9D0075630A /* Item.swift in Sources */ = {isa = PBXBuildFile; fileRef = BBBC4C8B247B1C9D0075630A /* Item.swift */; };
		BBBC4C8E247B200A0075630A /* ItemStore.swift in Sources */ = {isa = PBXBuildFile; fileRef = BBBC4C8D247B200A0075630A /* ItemStore.swift */; };
		BBBC4C90247BAA460075630A /* ItemCell.swift in Sources */ = {isa = PBXBuildFile; fileRef = BBBC4C8F247BAA460075630A /* ItemCell.swift */; };
/* End PBXBuildFile section */

/* Begin PBXContainerItemProxy section */
		BBBC4C6D247B19E20075630A /* PBXContainerItemProxy */ = {
			isa = PBXContainerItemProxy;
			containerPortal = BBBC4C4E247B19E10075630A /* Project object */;
			proxyType = 1;
			remoteGlobalIDString = BBBC4C55247B19E10075630A;
			remoteInfo = LootLogger;
		};
		BBBC4C78247B19E20075630A /* PBXContainerItemProxy */ = {
			isa = PBXContainerItemProxy;
			containerPortal = BBBC4C4E247B19E10075630A /* Project object */;
			proxyType = 1;
			remoteGlobalIDString = BBBC4C55247B19E10075630A;
			remoteInfo = LootLogger;
		};
/* End PBXContainerItemProxy section */

/* Begin PBXFileReference section */
		BB9B2A20247C783E00717D5F /* DetailViewController.swift */ = {isa = PBXFileReference; lastKnownFileType = sourcecode.swift; path = DetailViewController.swift; sourceTree = "<group>"; };
		BBBC4C56247B19E10075630A /* LootLogger.app */ = {isa = PBXFileReference; explicitFileType = wrapper.application; includeInIndex = 0; path = LootLogger.app; sourceTree = BUILT_PRODUCTS_DIR; };
		BBBC4C59247B19E10075630A /* AppDelegate.swift */ = {isa = PBXFileReference; lastKnownFileType = sourcecode.swift; path = AppDelegate.swift; sourceTree = "<group>"; };
		BBBC4C5B247B19E10075630A /* SceneDelegate.swift */ = {isa = PBXFileReference; lastKnownFileType = sourcecode.swift; path = SceneDelegate.swift; sourceTree = "<group>"; };
		BBBC4C60247B19E10075630A /* Base */ = {isa = PBXFileReference; lastKnownFileType = file.storyboard; name = Base; path = Base.lproj/Main.storyboard; sourceTree = "<group>"; };
		BBBC4C62247B19E20075630A /* Assets.xcassets */ = {isa = PBXFileReference; lastKnownFileType = folder.assetcatalog; path = Assets.xcassets; sourceTree = "<group>"; };
		BBBC4C65247B19E20075630A /* Base */ = {isa = PBXFileReference; lastKnownFileType = file.storyboard; name = Base; path = Base.lproj/LaunchScreen.storyboard; sourceTree = "<group>"; };
		BBBC4C67247B19E20075630A /* Info.plist */ = {isa = PBXFileReference; lastKnownFileType = text.plist.xml; path = Info.plist; sourceTree = "<group>"; };
		BBBC4C6C247B19E20075630A /* LootLoggerTests.xctest */ = {isa = PBXFileReference; explicitFileType = wrapper.cfbundle; includeInIndex = 0; path = LootLoggerTests.xctest; sourceTree = BUILT_PRODUCTS_DIR; };
		BBBC4C70247B19E20075630A /* LootLoggerTests.swift */ = {isa = PBXFileReference; lastKnownFileType = sourcecode.swift; path = LootLoggerTests.swift; sourceTree = "<group>"; };
		BBBC4C72247B19E20075630A /* Info.plist */ = {isa = PBXFileReference; lastKnownFileType = text.plist.xml; path = Info.plist; sourceTree = "<group>"; };
		BBBC4C77247B19E20075630A /* LootLoggerUITests.xctest */ = {isa = PBXFileReference; explicitFileType = wrapper.cfbundle; includeInIndex = 0; path = LootLoggerUITests.xctest; sourceTree = BUILT_PRODUCTS_DIR; };
		BBBC4C7B247B19E20075630A /* LootLoggerUITests.swift */ = {isa = PBXFileReference; lastKnownFileType = sourcecode.swift; path = LootLoggerUITests.swift; sourceTree = "<group>"; };
		BBBC4C7D247B19E20075630A /* Info.plist */ = {isa = PBXFileReference; lastKnownFileType = text.plist.xml; path = Info.plist; sourceTree = "<group>"; };
		BBBC4C89247B1BDE0075630A /* ItemsViewController.swift */ = {isa = PBXFileReference; lastKnownFileType = sourcecode.swift; path = ItemsViewController.swift; sourceTree = "<group>"; };
		BBBC4C8B247B1C9D0075630A /* Item.swift */ = {isa = PBXFileReference; lastKnownFileType = sourcecode.swift; path = Item.swift; sourceTree = "<group>"; };
		BBBC4C8D247B200A0075630A /* ItemStore.swift */ = {isa = PBXFileReference; lastKnownFileType = sourcecode.swift; path = ItemStore.swift; sourceTree = "<group>"; };
		BBBC4C8F247BAA460075630A /* ItemCell.swift */ = {isa = PBXFileReference; lastKnownFileType = sourcecode.swift; path = ItemCell.swift; sourceTree = "<group>"; };
/* End PBXFileReference section */

/* Begin PBXFrameworksBuildPhase section */
		BBBC4C53247B19E10075630A /* Frameworks */ = {
			isa = PBXFrameworksBuildPhase;
			buildActionMask = 2147483647;
			files = (
			);
			runOnlyForDeploymentPostprocessing = 0;
		};
		BBBC4C69247B19E20075630A /* Frameworks */ = {
			isa = PBXFrameworksBuildPhase;
			buildActionMask = 2147483647;
			files = (
			);
			runOnlyForDeploymentPostprocessing = 0;
		};
		BBBC4C74247B19E20075630A /* Frameworks */ = {
			isa = PBXFrameworksBuildPhase;
			buildActionMask = 2147483647;
			files = (
			);
			runOnlyForDeploymentPostprocessing = 0;
		};
/* End PBXFrameworksBuildPhase section */

/* Begin PBXGroup section */
		BBBC4C4D247B19E10075630A = {
			isa = PBXGroup;
			children = (
				BBBC4C58247B19E10075630A /* LootLogger */,
				BBBC4C6F247B19E20075630A /* LootLoggerTests */,
				BBBC4C7A247B19E20075630A /* LootLoggerUITests */,
				BBBC4C57247B19E10075630A /* Products */,
			);
			sourceTree = "<group>";
		};
		BBBC4C57247B19E10075630A /* Products */ = {
			isa = PBXGroup;
			children = (
				BBBC4C56247B19E10075630A /* LootLogger.app */,
				BBBC4C6C247B19E20075630A /* LootLoggerTests.xctest */,
				BBBC4C77247B19E20075630A /* LootLoggerUITests.xctest */,
			);
			name = Products;
			sourceTree = "<group>";
		};
		BBBC4C58247B19E10075630A /* LootLogger */ = {
			isa = PBXGroup;
			children = (
				BBBC4C59247B19E10075630A /* AppDelegate.swift */,
				BBBC4C5B247B19E10075630A /* SceneDelegate.swift */,
				BBBC4C89247B1BDE0075630A /* ItemsViewController.swift */,
				BB9B2A20247C783E00717D5F /* DetailViewController.swift */,
				BBBC4C8B247B1C9D0075630A /* Item.swift */,
				BBBC4C8F247BAA460075630A /* ItemCell.swift */,
				BBBC4C8D247B200A0075630A /* ItemStore.swift */,
				BBBC4C5F247B19E10075630A /* Main.storyboard */,
				BBBC4C62247B19E20075630A /* Assets.xcassets */,
				BBBC4C64247B19E20075630A /* LaunchScreen.storyboard */,
				BBBC4C67247B19E20075630A /* Info.plist */,
			);
			path = LootLogger;
			sourceTree = "<group>";
		};
		BBBC4C6F247B19E20075630A /* LootLoggerTests */ = {
			isa = PBXGroup;
			children = (
				BBBC4C70247B19E20075630A /* LootLoggerTests.swift */,
				BBBC4C72247B19E20075630A /* Info.plist */,
			);
			path = LootLoggerTests;
			sourceTree = "<group>";
		};
		BBBC4C7A247B19E20075630A /* LootLoggerUITests */ = {
			isa = PBXGroup;
			children = (
				BBBC4C7B247B19E20075630A /* LootLoggerUITests.swift */,
				BBBC4C7D247B19E20075630A /* Info.plist */,
			);
			path = LootLoggerUITests;
			sourceTree = "<group>";
		};
/* End PBXGroup section */

/* Begin PBXNativeTarget section */
		BBBC4C55247B19E10075630A /* LootLogger */ = {
			isa = PBXNativeTarget;
			buildConfigurationList = BBBC4C80247B19E20075630A /* Build configuration list for PBXNativeTarget "LootLogger" */;
			buildPhases = (
				BBBC4C52247B19E10075630A /* Sources */,
				BBBC4C53247B19E10075630A /* Frameworks */,
				BBBC4C54247B19E10075630A /* Resources */,
			);
			buildRules = (
			);
			dependencies = (
			);
			name = LootLogger;
			productName = LootLogger;
			productReference = BBBC4C56247B19E10075630A /* LootLogger.app */;
			productType = "com.apple.product-type.application";
		};
		BBBC4C6B247B19E20075630A /* LootLoggerTests */ = {
			isa = PBXNativeTarget;
			buildConfigurationList = BBBC4C83247B19E20075630A /* Build configuration list for PBXNativeTarget "LootLoggerTests" */;
			buildPhases = (
				BBBC4C68247B19E20075630A /* Sources */,
				BBBC4C69247B19E20075630A /* Frameworks */,
				BBBC4C6A247B19E20075630A /* Resources */,
			);
			buildRules = (
			);
			dependencies = (
				BBBC4C6E247B19E20075630A /* PBXTargetDependency */,
			);
			name = LootLoggerTests;
			productName = LootLoggerTests;
			productReference = BBBC4C6C247B19E20075630A /* LootLoggerTests.xctest */;
			productType = "com.apple.product-type.bundle.unit-test";
		};
		BBBC4C76247B19E20075630A /* LootLoggerUITests */ = {
			isa = PBXNativeTarget;
			buildConfigurationList = BBBC4C86247B19E20075630A /* Build configuration list for PBXNativeTarget "LootLoggerUITests" */;
			buildPhases = (
				BBBC4C73247B19E20075630A /* Sources */,
				BBBC4C74247B19E20075630A /* Frameworks */,
				BBBC4C75247B19E20075630A /* Resources */,
			);
			buildRules = (
			);
			dependencies = (
				BBBC4C79247B19E20075630A /* PBXTargetDependency */,
			);
			name = LootLoggerUITests;
			productName = LootLoggerUITests;
			productReference = BBBC4C77247B19E20075630A /* LootLoggerUITests.xctest */;
			productType = "com.apple.product-type.bundle.ui-testing";
		};
/* End PBXNativeTarget section */

/* Begin PBXProject section */
		BBBC4C4E247B19E10075630A /* Project object */ = {
			isa = PBXProject;
			attributes = {
				LastSwiftUpdateCheck = 1130;
				LastUpgradeCheck = 1130;
				ORGANIZATIONNAME = "Glenn Cole";
				TargetAttributes = {
					BBBC4C55247B19E10075630A = {
						CreatedOnToolsVersion = 11.3.1;
					};
					BBBC4C6B247B19E20075630A = {
						CreatedOnToolsVersion = 11.3.1;
						TestTargetID = BBBC4C55247B19E10075630A;
					};
					BBBC4C76247B19E20075630A = {
						CreatedOnToolsVersion = 11.3.1;
						TestTargetID = BBBC4C55247B19E10075630A;
					};
				};
			};
			buildConfigurationList = BBBC4C51247B19E10075630A /* Build configuration list for PBXProject "LootLogger" */;
			compatibilityVersion = "Xcode 9.3";
			developmentRegion = en;
			hasScannedForEncodings = 0;
			knownRegions = (
				en,
				Base,
			);
			mainGroup = BBBC4C4D247B19E10075630A;
			productRefGroup = BBBC4C57247B19E10075630A /* Products */;
			projectDirPath = "";
			projectRoot = "";
			targets = (
				BBBC4C55247B19E10075630A /* LootLogger */,
				BBBC4C6B247B19E20075630A /* LootLoggerTests */,
				BBBC4C76247B19E20075630A /* LootLoggerUITests */,
			);
		};
/* End PBXProject section */

/* Begin PBXResourcesBuildPhase section */
		BBBC4C54247B19E10075630A /* Resources */ = {
			isa = PBXResourcesBuildPhase;
			buildActionMask = 2147483647;
			files = (
				BBBC4C66247B19E20075630A /* LaunchScreen.storyboard in Resources */,
				BBBC4C63247B19E20075630A /* Assets.xcassets in Resources */,
				BBBC4C61247B19E10075630A /* Main.storyboard in Resources */,
			);
			runOnlyForDeploymentPostprocessing = 0;
		};
		BBBC4C6A247B19E20075630A /* Resources */ = {
			isa = PBXResourcesBuildPhase;
			buildActionMask = 2147483647;
			files = (
			);
			runOnlyForDeploymentPostprocessing = 0;
		};
		BBBC4C75247B19E20075630A /* Resources */ = {
			isa = PBXResourcesBuildPhase;
			buildActionMask = 2147483647;
			files = (
			);
			runOnlyForDeploymentPostprocessing = 0;
		};
/* End PBXResourcesBuildPhase section */

/* Begin PBXSourcesBuildPhase section */
		BBBC4C52247B19E10075630A /* Sources */ = {
			isa = PBXSourcesBuildPhase;
			buildActionMask = 2147483647;
			files = (
				BBBC4C8C247B1C9D0075630A /* Item.swift in Sources */,
				BBBC4C8A247B1BDE0075630A /* ItemsViewController.swift in Sources */,
				BBBC4C90247BAA460075630A /* ItemCell.swift in Sources */,
				BBBC4C5A247B19E10075630A /* AppDelegate.swift in Sources */,
				BBBC4C8E247B200A0075630A /* ItemStore.swift in Sources */,
				BBBC4C5C247B19E10075630A /* SceneDelegate.swift in Sources */,
				BB9B2A21247C783E00717D5F /* DetailViewController.swift in Sources */,
			);
			runOnlyForDeploymentPostprocessing = 0;
		};
		BBBC4C68247B19E20075630A /* Sources */ = {
			isa = PBXSourcesBuildPhase;
			buildActionMask = 2147483647;
			files = (
				BBBC4C71247B19E20075630A /* LootLoggerTests.swift in Sources */,
			);
			runOnlyForDeploymentPostprocessing = 0;
		};
		BBBC4C73247B19E20075630A /* Sources */ = {
			isa = PBXSourcesBuildPhase;
			buildActionMask = 2147483647;
			files = (
				BBBC4C7C247B19E20075630A /* LootLoggerUITests.swift in Sources */,
			);
			runOnlyForDeploymentPostprocessing = 0;
		};
/* End PBXSourcesBuildPhase section */

/* Begin PBXTargetDependency section */
		BBBC4C6E247B19E20075630A /* PBXTargetDependency */ = {
			isa = PBXTargetDependency;
			target = BBBC4C55247B19E10075630A /* LootLogger */;
			targetProxy = BBBC4C6D247B19E20075630A /* PBXContainerItemProxy */;
		};
		BBBC4C79247B19E20075630A /* PBXTargetDependency */ = {
			isa = PBXTargetDependency;
			target = BBBC4C55247B19E10075630A /* LootLogger */;
			targetProxy = BBBC4C78247B19E20075630A /* PBXContainerItemProxy */;
		};
/* End PBXTargetDependency section */

/* Begin PBXVariantGroup section */
		BBBC4C5F247B19E10075630A /* Main.storyboard */ = {
			isa = PBXVariantGroup;
			children = (
				BBBC4C60247B19E10075630A /* Base */,
			);
			name = Main.storyboard;
			sourceTree = "<group>";
		};
		BBBC4C64247B19E20075630A /* LaunchScreen.storyboard */ = {
			isa = PBXVariantGroup;
			children = (
				BBBC4C65247B19E20075630A /* Base */,
			);
			name = LaunchScreen.storyboard;
			sourceTree = "<group>";
		};
/* End PBXVariantGroup section */

/* Begin XCBuildConfiguration section */
		BBBC4C7E247B19E20075630A /* Debug */ = {
			isa = XCBuildConfiguration;
			buildSettings = {
				ALWAYS_SEARCH_USER_PATHS = NO;
				CLANG_ANALYZER_NONNULL = YES;
				CLANG_ANALYZER_NUMBER_OBJECT_CONVERSION = YES_AGGRESSIVE;
				CLANG_CXX_LANGUAGE_STANDARD = "gnu++14";
				CLANG_CXX_LIBRARY = "libc++";
				CLANG_ENABLE_MODULES = YES;
				CLANG_ENABLE_OBJC_ARC = YES;
				CLANG_ENABLE_OBJC_WEAK = YES;
				CLANG_WARN_BLOCK_CAPTURE_AUTORELEASING = YES;
				CLANG_WARN_BOOL_CONVERSION = YES;
				CLANG_WARN_COMMA = YES;
				CLANG_WARN_CONSTANT_CONVERSION = YES;
				CLANG_WARN_DEPRECATED_OBJC_IMPLEMENTATIONS = YES;
				CLANG_WARN_DIRECT_OBJC_ISA_USAGE = YES_ERROR;
				CLANG_WARN_DOCUMENTATION_COMMENTS = YES;
				CLANG_WARN_EMPTY_BODY = YES;
				CLANG_WARN_ENUM_CONVERSION = YES;
				CLANG_WARN_INFINITE_RECURSION = YES;
				CLANG_WARN_INT_CONVERSION = YES;
				CLANG_WARN_NON_LITERAL_NULL_CONVERSION = YES;
				CLANG_WARN_OBJC_IMPLICIT_RETAIN_SELF = YES;
				CLANG_WARN_OBJC_LITERAL_CONVERSION = YES;
				CLANG_WARN_OBJC_ROOT_CLASS = YES_ERROR;
				CLANG_WARN_RANGE_LOOP_ANALYSIS = YES;
				CLANG_WARN_STRICT_PROTOTYPES = YES;
				CLANG_WARN_SUSPICIOUS_MOVE = YES;
				CLANG_WARN_UNGUARDED_AVAILABILITY = YES_AGGRESSIVE;
				CLANG_WARN_UNREACHABLE_CODE = YES;
				CLANG_WARN__DUPLICATE_METHOD_MATCH = YES;
				COPY_PHASE_STRIP = NO;
				DEBUG_INFORMATION_FORMAT = dwarf;
				ENABLE_STRICT_OBJC_MSGSEND = YES;
				ENABLE_TESTABILITY = YES;
				GCC_C_LANGUAGE_STANDARD = gnu11;
				GCC_DYNAMIC_NO_PIC = NO;
				GCC_NO_COMMON_BLOCKS = YES;
				GCC_OPTIMIZATION_LEVEL = 0;
				GCC_PREPROCESSOR_DEFINITIONS = (
					"DEBUG=1",
					"$(inherited)",
				);
				GCC_WARN_64_TO_32_BIT_CONVERSION = YES;
				GCC_WARN_ABOUT_RETURN_TYPE = YES_ERROR;
				GCC_WARN_UNDECLARED_SELECTOR = YES;
				GCC_WARN_UNINITIALIZED_AUTOS = YES_AGGRESSIVE;
				GCC_WARN_UNUSED_FUNCTION = YES;
				GCC_WARN_UNUSED_VARIABLE = YES;
				IPHONEOS_DEPLOYMENT_TARGET = 13.2;
				MTL_ENABLE_DEBUG_INFO = INCLUDE_SOURCE;
				MTL_FAST_MATH = YES;
				ONLY_ACTIVE_ARCH = YES;
				SDKROOT = iphoneos;
				SWIFT_ACTIVE_COMPILATION_CONDITIONS = DEBUG;
				SWIFT_OPTIMIZATION_LEVEL = "-Onone";
			};
			name = Debug;
		};
		BBBC4C7F247B19E20075630A /* Release */ = {
			isa = XCBuildConfiguration;
			buildSettings = {
				ALWAYS_SEARCH_USER_PATHS = NO;
				CLANG_ANALYZER_NONNULL = YES;
				CLANG_ANALYZER_NUMBER_OBJECT_CONVERSION = YES_AGGRESSIVE;
				CLANG_CXX_LANGUAGE_STANDARD = "gnu++14";
				CLANG_CXX_LIBRARY = "libc++";
				CLANG_ENABLE_MODULES = YES;
				CLANG_ENABLE_OBJC_ARC = YES;
				CLANG_ENABLE_OBJC_WEAK = YES;
				CLANG_WARN_BLOCK_CAPTURE_AUTORELEASING = YES;
				CLANG_WARN_BOOL_CONVERSION = YES;
				CLANG_WARN_COMMA = YES;
				CLANG_WARN_CONSTANT_CONVERSION = YES;
				CLANG_WARN_DEPRECATED_OBJC_IMPLEMENTATIONS = YES;
				CLANG_WARN_DIRECT_OBJC_ISA_USAGE = YES_ERROR;
				CLANG_WARN_DOCUMENTATION_COMMENTS = YES;
				CLANG_WARN_EMPTY_BODY = YES;
				CLANG_WARN_ENUM_CONVERSION = YES;
				CLANG_WARN_INFINITE_RECURSION = YES;
				CLANG_WARN_INT_CONVERSION = YES;
				CLANG_WARN_NON_LITERAL_NULL_CONVERSION = YES;
				CLANG_WARN_OBJC_IMPLICIT_RETAIN_SELF = YES;
				CLANG_WARN_OBJC_LITERAL_CONVERSION = YES;
				CLANG_WARN_OBJC_ROOT_CLASS = YES_ERROR;
				CLANG_WARN_RANGE_LOOP_ANALYSIS = YES;
				CLANG_WARN_STRICT_PROTOTYPES = YES;
				CLANG_WARN_SUSPICIOUS_MOVE = YES;
				CLANG_WARN_UNGUARDED_AVAILABILITY = YES_AGGRESSIVE;
				CLANG_WARN_UNREACHABLE_CODE = YES;
				CLANG_WARN__DUPLICATE_METHOD_MATCH = YES;
				COPY_PHASE_STRIP = NO;
				DEBUG_INFORMATION_FORMAT = "dwarf-with-dsym";
				ENABLE_NS_ASSERTIONS = NO;
				ENABLE_STRICT_OBJC_MSGSEND = YES;
				GCC_C_LANGUAGE_STANDARD = gnu11;
				GCC_NO_COMMON_BLOCKS = YES;
				GCC_WARN_64_TO_32_BIT_CONVERSION = YES;
				GCC_WARN_ABOUT_RETURN_TYPE = YES_ERROR;
				GCC_WARN_UNDECLARED_SELECTOR = YES;
				GCC_WARN_UNINITIALIZED_AUTOS = YES_AGGRESSIVE;
				GCC_WARN_UNUSED_FUNCTION = YES;
				GCC_WARN_UNUSED_VARIABLE = YES;
				IPHONEOS_DEPLOYMENT_TARGET = 13.2;
				MTL_ENABLE_DEBUG_INFO = NO;
				MTL_FAST_MATH = YES;
				SDKROOT = iphoneos;
				SWIFT_COMPILATION_MODE = wholemodule;
				SWIFT_OPTIMIZATION_LEVEL = "-O";
				VALIDATE_PRODUCT = YES;
			};
			name = Release;
		};
		BBBC4C81247B19E20075630A /* Debug */ = {
			isa = XCBuildConfiguration;
			buildSettings = {
				ASSETCATALOG_COMPILER_APPICON_NAME = AppIcon;
				CODE_SIGN_STYLE = Automatic;
				DEVELOPMENT_TEAM = S2U6L9RWHC;
				INFOPLIST_FILE = LootLogger/Info.plist;
				LD_RUNPATH_SEARCH_PATHS = (
					"$(inherited)",
					"@executable_path/Frameworks",
				);
				PRODUCT_BUNDLE_IDENTIFIER = "com.software-al-dente.LootLogger";
				PRODUCT_NAME = "$(TARGET_NAME)";
				SWIFT_VERSION = 5.0;
				TARGETED_DEVICE_FAMILY = "1,2";
			};
			name = Debug;
		};
		BBBC4C82247B19E20075630A /* Release */ = {
			isa = XCBuildConfiguration;
			buildSettings = {
				ASSETCATALOG_COMPILER_APPICON_NAME = AppIcon;
				CODE_SIGN_STYLE = Automatic;
				DEVELOPMENT_TEAM = S2U6L9RWHC;
				INFOPLIST_FILE = LootLogger/Info.plist;
				LD_RUNPATH_SEARCH_PATHS = (
					"$(inherited)",
					"@executable_path/Frameworks",
				);
				PRODUCT_BUNDLE_IDENTIFIER = "com.software-al-dente.LootLogger";
				PRODUCT_NAME = "$(TARGET_NAME)";
				SWIFT_VERSION = 5.0;
				TARGETED_DEVICE_FAMILY = "1,2";
			};
			name = Release;
		};
		BBBC4C84247B19E20075630A /* Debug */ = {
			isa = XCBuildConfiguration;
			buildSettings = {
				ALWAYS_EMBED_SWIFT_STANDARD_LIBRARIES = YES;
				BUNDLE_LOADER = "$(TEST_HOST)";
				CODE_SIGN_STYLE = Automatic;
				DEVELOPMENT_TEAM = S2U6L9RWHC;
				INFOPLIST_FILE = LootLoggerTests/Info.plist;
				IPHONEOS_DEPLOYMENT_TARGET = 13.2;
				LD_RUNPATH_SEARCH_PATHS = (
					"$(inherited)",
					"@executable_path/Frameworks",
					"@loader_path/Frameworks",
				);
				PRODUCT_BUNDLE_IDENTIFIER = "com.software-al-dente.LootLoggerTests";
				PRODUCT_NAME = "$(TARGET_NAME)";
				SWIFT_VERSION = 5.0;
				TARGETED_DEVICE_FAMILY = "1,2";
				TEST_HOST = "$(BUILT_PRODUCTS_DIR)/LootLogger.app/LootLogger";
			};
			name = Debug;
		};
		BBBC4C85247B19E20075630A /* Release */ = {
			isa = XCBuildConfiguration;
			buildSettings = {
				ALWAYS_EMBED_SWIFT_STANDARD_LIBRARIES = YES;
				BUNDLE_LOADER = "$(TEST_HOST)";
				CODE_SIGN_STYLE = Automatic;
				DEVELOPMENT_TEAM = S2U6L9RWHC;
				INFOPLIST_FILE = LootLoggerTests/Info.plist;
				IPHONEOS_DEPLOYMENT_TARGET = 13.2;
				LD_RUNPATH_SEARCH_PATHS = (
					"$(inherited)",
					"@executable_path/Frameworks",
					"@loader_path/Frameworks",
				);
				PRODUCT_BUNDLE_IDENTIFIER = "com.software-al-dente.LootLoggerTests";
				PRODUCT_NAME = "$(TARGET_NAME)";
				SWIFT_VERSION = 5.0;
				TARGETED_DEVICE_FAMILY = "1,2";
				TEST_HOST = "$(BUILT_PRODUCTS_DIR)/LootLogger.app/LootLogger";
			};
			name = Release;
		};
		BBBC4C87247B19E20075630A /* Debug */ = {
			isa = XCBuildConfiguration;
			buildSettings = {
				ALWAYS_EMBED_SWIFT_STANDARD_LIBRARIES = YES;
				CODE_SIGN_STYLE = Automatic;
				DEVELOPMENT_TEAM = S2U6L9RWHC;
				INFOPLIST_FILE = LootLoggerUITests/Info.plist;
				LD_RUNPATH_SEARCH_PATHS = (
					"$(inherited)",
					"@executable_path/Frameworks",
					"@loader_path/Frameworks",
				);
				PRODUCT_BUNDLE_IDENTIFIER = "com.software-al-dente.LootLoggerUITests";
				PRODUCT_NAME = "$(TARGET_NAME)";
				SWIFT_VERSION = 5.0;
				TARGETED_DEVICE_FAMILY = "1,2";
				TEST_TARGET_NAME = LootLogger;
			};
			name = Debug;
		};
		BBBC4C88247B19E20075630A /* Release */ = {
			isa = XCBuildConfiguration;
			buildSettings = {
				ALWAYS_EMBED_SWIFT_STANDARD_LIBRARIES = YES;
				CODE_SIGN_STYLE = Automatic;
				DEVELOPMENT_TEAM = S2U6L9RWHC;
				INFOPLIST_FILE = LootLoggerUITests/Info.plist;
				LD_RUNPATH_SEARCH_PATHS = (
					"$(inherited)",
					"@executable_path/Frameworks",
					"@loader_path/Frameworks",
				);
				PRODUCT_BUNDLE_IDENTIFIER = "com.software-al-dente.LootLoggerUITests";
				PRODUCT_NAME = "$(TARGET_NAME)";
				SWIFT_VERSION = 5.0;
				TARGETED_DEVICE_FAMILY = "1,2";
				TEST_TARGET_NAME = LootLogger;
			};
			name = Release;
		};
/* End XCBuildConfiguration section */

/* Begin XCConfigurationList section */
		BBBC4C51247B19E10075630A /* Build configuration list for PBXProject "LootLogger" */ = {
			isa = XCConfigurationList;
			buildConfigurations = (
				BBBC4C7E247B19E20075630A /* Debug */,
				BBBC4C7F247B19E20075630A /* Release */,
			);
			defaultConfigurationIsVisible = 0;
			defaultConfigurationName = Release;
		};
		BBBC4C80247B19E20075630A /* Build configuration list for PBXNativeTarget "LootLogger" */ = {
			isa = XCConfigurationList;
			buildConfigurations = (
				BBBC4C81247B19E20075630A /* Debug */,
				BBBC4C82247B19E20075630A /* Release */,
			);
			defaultConfigurationIsVisible = 0;
			defaultConfigurationName = Release;
		};
		BBBC4C83247B19E20075630A /* Build configuration list for PBXNativeTarget "LootLoggerTests" */ = {
			isa = XCConfigurationList;
			buildConfigurations = (
				BBBC4C84247B19E20075630A /* Debug */,
				BBBC4C85247B19E20075630A /* Release */,
			);
			defaultConfigurationIsVisible = 0;
			defaultConfigurationName = Release;
		};
		BBBC4C86247B19E20075630A /* Build configuration list for PBXNativeTarget "LootLoggerUITests" */ = {
			isa = XCConfigurationList;
			buildConfigurations = (
				BBBC4C87247B19E20075630A /* Debug */,
				BBBC4C88247B19E20075630A /* Release */,
			);
			defaultConfigurationIsVisible = 0;
			defaultConfigurationName = Release;
		};
/* End XCConfigurationList section */
	};
	rootObject = BBBC4C4E247B19E10075630A /* Project object */;
}
